{
  "name": "miniprogram-ts-quickstart",
  "version": "1.0.0",
  "lockfileVersion": 3,
  "requires": true,
  "packages": {
    "": {
      "name": "miniprogram-ts-quickstart",
      "version": "1.0.0",
      "dependencies": {
        "js-calendar-converter": "^0.0.7",
        "lunar-calendar": "^0.1.4",
        "lunar-javascript": "^1.7.5",
        "tdesign-miniprogram": "^1.10.1"
      },
      "devDependencies": {
        "miniprogram-api-typings": "^2.8.3-1"
      }
    },
    "node_modules/js-calendar-converter": {
      "version": "0.0.7",
      "resolved": "https://registry.npmjs.org/js-calendar-converter/-/js-calendar-converter-0.0.7.tgz",
      "integrity": "sha512-w4QSGDwWaxBAxmWdfOC2CHVxEFxu48WUm9191uomUPabDyx/pVKSapZebBBVBv/H5GQc5hzDPOPmOLVA31bqjQ==",
      "license": "GPL-3.0-or-later"
    },
    "node_modules/lunar-calendar": {
      "version": "0.1.4",
      "resolved": "https://registry.npmjs.org/lunar-calendar/-/lunar-calendar-0.1.4.tgz",
      "integrity": "sha512-5r87vbg5yg56z/jkf3A+Ur+ZggUTiJw1VATT9P7RELQgWcTNhfJ+OLkNYroSna6r65bMqyaAgapo9vRN40L75A==",
      "engines": {
        "node": "*"
      }
    },
    "node_modules/lunar-javascript": {
      "version": "1.7.5",
      "resolved": "https://registry.npmjs.org/lunar-javascript/-/lunar-javascript-1.7.5.tgz",
      "integrity": "sha512-3waPBiu0Zw3Uv0qtQQA0lW/dLdzSKg/6aM5FdtNrUFGsv49WxxDllCO91iB/z6xhZCKb5F14vKGiH7xE0DJRcg==",
      "license": "MIT"
    },
    "node_modules/miniprogram-api-typings": {
      "version": "2.12.0",
      "resolved": "https://registry.npmjs.org/miniprogram-api-typings/-/miniprogram-api-typings-2.12.0.tgz",
      "integrity": "sha512-ibvbqeslVFur0IAvTxLMvsbtvVcMo6gwvOnj0YZHV7aeDLu091VQRrETT2QuiG9P6aZWRcxeNGJChRKVPCp9VQ==",
      "dev": true,
      "license": "MIT"
    },
    "node_modules/tdesign-miniprogram": {
      "version": "1.10.1",
      "resolved": "https://registry.npmjs.org/tdesign-miniprogram/-/tdesign-miniprogram-1.10.1.tgz",
      "integrity": "sha512-rKM3JYfJGB+R9G/yp6kGVN0Kc0hKqKoQnpoWm7OVrXNsYM0dlJXwTf+WsLkQtgUyfM20taqNaxXD852Bx7IseQ==",
      "license": "MIT"
    }
  }
}
